
Microsoft Visual Studio Solution File, Format Version 12.00
# Visual Studio Version 17
VisualStudioVersion = 17.0.32112.339
MinimumVisualStudioVersion = 10.0.40219.1
Project("{2150E333-8FDC-42A3-9474-1A3956D46DE8}") = "docs", "docs", "{628DBE1B-C1E3-411B-AB1F-1D99E7926111}"
	ProjectSection(SolutionItems) = preProject
		CHANGELOG.md = CHANGELOG.md
		README.md = README.md
		TODO.md = TODO.md
	EndProjectSection
EndProject
Project("{9A19103F-16F7-4668-BE54-9A1E7A4F7556}") = "WPPConnect", "src\WPPConnect.csproj", "{9E069C77-BF96-47C3-8F65-11A0E636C7DC}"
EndProject
Project("{9A19103F-16F7-4668-BE54-9A1E7A4F7556}") = "WPPConnect.BacicExample", "examples\basic\WPPConnect.BacicExample.csproj", "{C8A98F83-E593-4D52-8C15-F37D65B5F8CF}"
EndProject
Project("{2150E333-8FDC-42A3-9474-1A3956D46DE8}") = "Solution Items", "Solution Items", "{4D533764-EE3D-4B83-869B-8C17C028B15E}"
	ProjectSection(SolutionItems) = preProject
		.editorconfig = .editorconfig
	EndProjectSection
EndProject
Project("{FAE04EC0-301F-11D3-BF4B-00C04F79EFBC}") = "WPPConnect.API", "WPPConnect.API\WPPConnect.API.csproj", "{C3276902-4F4D-460C-92CB-E7877CAD1328}"
EndProject
Global
	GlobalSection(SolutionConfigurationPlatforms) = preSolution
		Debug|Any CPU = Debug|Any CPU
		Release|Any CPU = Release|Any CPU
	EndGlobalSection
	GlobalSection(ProjectConfigurationPlatforms) = postSolution
		{9E069C77-BF96-47C3-8F65-11A0E636C7DC}.Debug|Any CPU.ActiveCfg = Debug|Any CPU
		{9E069C77-BF96-47C3-8F65-11A0E636C7DC}.Debug|Any CPU.Build.0 = Debug|Any CPU
		{9E069C77-BF96-47C3-8F65-11A0E636C7DC}.Release|Any CPU.ActiveCfg = Release|Any CPU
		{9E069C77-BF96-47C3-8F65-11A0E636C7DC}.Release|Any CPU.Build.0 = Release|Any CPU
		{C8A98F83-E593-4D52-8C15-F37D65B5F8CF}.Debug|Any CPU.ActiveCfg = Debug|Any CPU
		{C8A98F83-E593-4D52-8C15-F37D65B5F8CF}.Debug|Any CPU.Build.0 = Debug|Any CPU
		{C8A98F83-E593-4D52-8C15-F37D65B5F8CF}.Release|Any CPU.ActiveCfg = Release|Any CPU
		{C8A98F83-E593-4D52-8C15-F37D65B5F8CF}.Release|Any CPU.Build.0 = Release|Any CPU
		{C3276902-4F4D-460C-92CB-E7877CAD1328}.Debug|Any CPU.ActiveCfg = Debug|Any CPU
		{C3276902-4F4D-460C-92CB-E7877CAD1328}.Debug|Any CPU.Build.0 = Debug|Any CPU
		{C3276902-4F4D-460C-92CB-E7877CAD1328}.Release|Any CPU.ActiveCfg = Release|Any CPU
		{C3276902-4F4D-460C-92CB-E7877CAD1328}.Release|Any CPU.Build.0 = Release|Any CPU
	EndGlobalSection
	GlobalSection(SolutionProperties) = preSolution
		HideSolutionNode = FALSE
	EndGlobalSection
	GlobalSection(ExtensibilityGlobals) = postSolution
		SolutionGuid = {0BBBECE1-F21A-4783-A6FB-940A15C7C201}
	EndGlobalSection
EndGlobal
